// !$*UTF8*$!
{
	archiveVersion = 1;
	classes = {
	};
	objectVersion = 46;
	objects = {

/* Begin PBXBuildFile section */
		54646E751CC9F09A00066FD9 /* main.m in Sources */ = {isa = PBXBuildFile; fileRef = 54646E741CC9F09A00066FD9 /* main.m */; };
		54646E781CC9F09A00066FD9 /* AppDelegate.m in Sources */ = {isa = PBXBuildFile; fileRef = 54646E771CC9F09A00066FD9 /* AppDelegate.m */; };
		54646E7B1CC9F09A00066FD9 /* ViewController.m in Sources */ = {isa = PBXBuildFile; fileRef = 54646E7A1CC9F09A00066FD9 /* ViewController.m */; };
		54646E7E1CC9F09A00066FD9 /* Main.storyboard in Resources */ = {isa = PBXBuildFile; fileRef = 54646E7C1CC9F09A00066FD9 /* Main.storyboard */; };
		54646E801CC9F09A00066FD9 /* Assets.xcassets in Resources */ = {isa = PBXBuildFile; fileRef = 54646E7F1CC9F09A00066FD9 /* Assets.xcassets */; };
		54646E831CC9F09A00066FD9 /* LaunchScreen.storyboard in Resources */ = {isa = PBXBuildFile; fileRef = 54646E811CC9F09A00066FD9 /* LaunchScreen.storyboard */; };
		54646E8E1CC9F09A00066FD9 /* GradientCircelViewTests.m in Sources */ = {isa = PBXBuildFile; fileRef = 54646E8D1CC9F09A00066FD9 /* GradientCircelViewTests.m */; };
		54646E991CC9F09A00066FD9 /* GradientCircelViewUITests.m in Sources */ = {isa = PBXBuildFile; fileRef = 54646E981CC9F09A00066FD9 /* GradientCircelViewUITests.m */; };
/* End PBXBuildFile section */

/* Begin PBXContainerItemProxy section */
		54646E8A1CC9F09A00066FD9 /* PBXContainerItemProxy */ = {
			isa = PBXContainerItemProxy;
			containerPortal = 54646E681CC9F09A00066FD9 /* Project object */;
			proxyType = 1;
			remoteGlobalIDString = 54646E6F1CC9F09A00066FD9;
			remoteInfo = GradientCircelView;
		};
		54646E951CC9F09A00066FD9 /* PBXContainerItemProxy */ = {
			isa = PBXContainerItemProxy;
			containerPortal = 54646E681CC9F09A00066FD9 /* Project object */;
			proxyType = 1;
			remoteGlobalIDString = 54646E6F1CC9F09A00066FD9;
			remoteInfo = GradientCircelView;
		};
/* End PBXContainerItemProxy section */

/* Begin PBXFileReference section */
		54646E701CC9F09A00066FD9 /* GradientCircelView.app */ = {isa = PBXFileReference; explicitFileType = wrapper.application; includeInIndex = 0; path = GradientCircelView.app; sourceTree = BUILT_PRODUCTS_DIR; };
		54646E741CC9F09A00066FD9 /* main.m */ = {isa = PBXFileReference; lastKnownFileType = sourcecode.c.objc; path = main.m; sourceTree = "<group>"; };
		54646E761CC9F09A00066FD9 /* AppDelegate.h */ = {isa = PBXFileReference; lastKnownFileType = sourcecode.c.h; path = AppDelegate.h; sourceTree = "<group>"; };
		54646E771CC9F09A00066FD9 /* AppDelegate.m */ = {isa = PBXFileReference; lastKnownFileType = sourcecode.c.objc; path = AppDelegate.m; sourceTree = "<group>"; };
		54646E791CC9F09A00066FD9 /* ViewController.h */ = {isa = PBXFileReference; lastKnownFileType = sourcecode.c.h; path = ViewController.h; sourceTree = "<group>"; };
		54646E7A1CC9F09A00066FD9 /* ViewController.m */ = {isa = PBXFileReference; lastKnownFileType = sourcecode.c.objc; path = ViewController.m; sourceTree = "<group>"; };
		54646E7D1CC9F09A00066FD9 /* Base */ = {isa = PBXFileReference; lastKnownFileType = file.storyboard; name = Base; path = Base.lproj/Main.storyboard; sourceTree = "<group>"; };
		54646E7F1CC9F09A00066FD9 /* Assets.xcassets */ = {isa = PBXFileReference; lastKnownFileType = folder.assetcatalog; path = Assets.xcassets; sourceTree = "<group>"; };
		54646E821CC9F09A00066FD9 /* Base */ = {isa = PBXFileReference; lastKnownFileType = file.storyboard; name = Base; path = Base.lproj/LaunchScreen.storyboard; sourceTree = "<group>"; };
		54646E841CC9F09A00066FD9 /* Info.plist */ = {isa = PBXFileReference; lastKnownFileType = text.plist.xml; path = Info.plist; sourceTree = "<group>"; };
		54646E891CC9F09A00066FD9 /* GradientCircelViewTests.xctest */ = {isa = PBXFileReference; explicitFileType = wrapper.cfbundle; includeInIndex = 0; path = GradientCircelViewTests.xctest; sourceTree = BUILT_PRODUCTS_DIR; };
		54646E8D1CC9F09A00066FD9 /* GradientCircelViewTests.m */ = {isa = PBXFileReference; lastKnownFileType = sourcecode.c.objc; path = GradientCircelViewTests.m; sourceTree = "<group>"; };
		54646E8F1CC9F09A00066FD9 /* Info.plist */ = {isa = PBXFileReference; lastKnownFileType = text.plist.xml; path = Info.plist; sourceTree = "<group>"; };
		54646E941CC9F09A00066FD9 /* GradientCircelViewUITests.xctest */ = {isa = PBXFileReference; explicitFileType = wrapper.cfbundle; includeInIndex = 0; path = GradientCircelViewUITests.xctest; sourceTree = BUILT_PRODUCTS_DIR; };
		54646E981CC9F09A00066FD9 /* GradientCircelViewUITests.m */ = {isa = PBXFileReference; lastKnownFileType = sourcecode.c.objc; path = GradientCircelViewUITests.m; sourceTree = "<group>"; };
		54646E9A1CC9F09A00066FD9 /* Info.plist */ = {isa = PBXFileReference; lastKnownFileType = text.plist.xml; path = Info.plist; sourceTree = "<group>"; };
/* End PBXFileReference section */

/* Begin PBXFrameworksBuildPhase section */
		54646E6D1CC9F09A00066FD9 /* Frameworks */ = {
			isa = PBXFrameworksBuildPhase;
			buildActionMask = 2147483647;
			files = (
			);
			runOnlyForDeploymentPostprocessing = 0;
		};
		54646E861CC9F09A00066FD9 /* Frameworks */ = {
			isa = PBXFrameworksBuildPhase;
			buildActionMask = 2147483647;
			files = (
			);
			runOnlyForDeploymentPostprocessing = 0;
		};
		54646E911CC9F09A00066FD9 /* Frameworks */ = {
			isa = PBXFrameworksBuildPhase;
			buildActionMask = 2147483647;
			files = (
			);
			runOnlyForDeploymentPostprocessing = 0;
		};
/* End PBXFrameworksBuildPhase section */

/* Begin PBXGroup section */
		54646E671CC9F09A00066FD9 = {
			isa = PBXGroup;
			children = (
				54646E721CC9F09A00066FD9 /* GradientCircelView */,
				54646E8C1CC9F09A00066FD9 /* GradientCircelViewTests */,
				54646E971CC9F09A00066FD9 /* GradientCircelViewUITests */,
				54646E711CC9F09A00066FD9 /* Products */,
			);
			sourceTree = "<group>";
		};
		54646E711CC9F09A00066FD9 /* Products */ = {
			isa = PBXGroup;
			children = (
				54646E701CC9F09A00066FD9 /* GradientCircelView.app */,
				54646E891CC9F09A00066FD9 /* GradientCircelViewTests.xctest */,
				54646E941CC9F09A00066FD9 /* GradientCircelViewUITests.xctest */,
			);
			name = Products;
			sourceTree = "<group>";
		};
		54646E721CC9F09A00066FD9 /* GradientCircelView */ = {
			isa = PBXGroup;
			children = (
				54646E761CC9F09A00066FD9 /* AppDelegate.h */,
				54646E771CC9F09A00066FD9 /* AppDelegate.m */,
				54646E791CC9F09A00066FD9 /* ViewController.h */,
				54646E7A1CC9F09A00066FD9 /* ViewController.m */,
				54646E7C1CC9F09A00066FD9 /* Main.storyboard */,
				54646E7F1CC9F09A00066FD9 /* Assets.xcassets */,
				54646E811CC9F09A00066FD9 /* LaunchScreen.storyboard */,
				54646E841CC9F09A00066FD9 /* Info.plist */,
				54646E731CC9F09A00066FD9 /* Supporting Files */,
			);
			path = GradientCircelView;
			sourceTree = "<group>";
		};
		54646E731CC9F09A00066FD9 /* Supporting Files */ = {
			isa = PBXGroup;
			children = (
				54646E741CC9F09A00066FD9 /* main.m */,
			);
			name = "Supporting Files";
			sourceTree = "<group>";
		};
		54646E8C1CC9F09A00066FD9 /* GradientCircelViewTests */ = {
			isa = PBXGroup;
			children = (
				54646E8D1CC9F09A00066FD9 /* GradientCircelViewTests.m */,
				54646E8F1CC9F09A00066FD9 /* Info.plist */,
			);
			path = GradientCircelViewTests;
			sourceTree = "<group>";
		};
		54646E971CC9F09A00066FD9 /* GradientCircelViewUITests */ = {
			isa = PBXGroup;
			children = (
				54646E981CC9F09A00066FD9 /* GradientCircelViewUITests.m */,
				54646E9A1CC9F09A00066FD9 /* Info.plist */,
			);
			path = GradientCircelViewUITests;
			sourceTree = "<group>";
		};
/* End PBXGroup section */

/* Begin PBXNativeTarget section */
		54646E6F1CC9F09A00066FD9 /* GradientCircelView */ = {
			isa = PBXNativeTarget;
			buildConfigurationList = 54646E9D1CC9F09A00066FD9 /* Build configuration list for PBXNativeTarget "GradientCircelView" */;
			buildPhases = (
				54646E6C1CC9F09A00066FD9 /* Sources */,
				54646E6D1CC9F09A00066FD9 /* Frameworks */,
				54646E6E1CC9F09A00066FD9 /* Resources */,
			);
			buildRules = (
			);
			dependencies = (
			);
			name = GradientCircelView;
			productName = GradientCircelView;
			productReference = 54646E701CC9F09A00066FD9 /* GradientCircelView.app */;
			productType = "com.apple.product-type.application";
		};
		54646E881CC9F09A00066FD9 /* GradientCircelViewTests */ = {
			isa = PBXNativeTarget;
			buildConfigurationList = 54646EA01CC9F09A00066FD9 /* Build configuration list for PBXNativeTarget "GradientCircelViewTests" */;
			buildPhases = (
				54646E851CC9F09A00066FD9 /* Sources */,
				54646E861CC9F09A00066FD9 /* Frameworks */,
				54646E871CC9F09A00066FD9 /* Resources */,
			);
			buildRules = (
			);
			dependencies = (
				54646E8B1CC9F09A00066FD9 /* PBXTargetDependency */,
			);
			name = GradientCircelViewTests;
			productName = GradientCircelViewTests;
			productReference = 54646E891CC9F09A00066FD9 /* GradientCircelViewTests.xctest */;
			productType = "com.apple.product-type.bundle.unit-test";
		};
		54646E931CC9F09A00066FD9 /* GradientCircelViewUITests */ = {
			isa = PBXNativeTarget;
			buildConfigurationList = 54646EA31CC9F09A00066FD9 /* Build configuration list for PBXNativeTarget "GradientCircelViewUITests" */;
			buildPhases = (
				54646E901CC9F09A00066FD9 /* Sources */,
				54646E911CC9F09A00066FD9 /* Frameworks */,
				54646E921CC9F09A00066FD9 /* Resources */,
			);
			buildRules = (
			);
			dependencies = (
				54646E961CC9F09A00066FD9 /* PBXTargetDependency */,
			);
			name = GradientCircelViewUITests;
			productName = GradientCircelViewUITests;
			productReference = 54646E941CC9F09A00066FD9 /* GradientCircelViewUITests.xctest */;
			productType = "com.apple.product-type.bundle.ui-testing";
		};
/* End PBXNativeTarget section */

/* Begin PBXProject section */
		54646E681CC9F09A00066FD9 /* Project object */ = {
			isa = PBXProject;
			attributes = {
				LastUpgradeCheck = 0730;
				ORGANIZATIONNAME = longhongwei;
				TargetAttributes = {
					54646E6F1CC9F09A00066FD9 = {
						CreatedOnToolsVersion = 7.3;
					};
					54646E881CC9F09A00066FD9 = {
						CreatedOnToolsVersion = 7.3;
						TestTargetID = 54646E6F1CC9F09A00066FD9;
					};
					54646E931CC9F09A00066FD9 = {
						CreatedOnToolsVersion = 7.3;
						TestTargetID = 54646E6F1CC9F09A00066FD9;
					};
				};
			};
			buildConfigurationList = 54646E6B1CC9F09A00066FD9 /* Build configuration list for PBXProject "GradientCircelView" */;
			compatibilityVersion = "Xcode 3.2";
			developmentRegion = English;
			hasScannedForEncodings = 0;
			knownRegions = (
				en,
				Base,
			);
			mainGroup = 54646E671CC9F09A00066FD9;
			productRefGroup = 54646E711CC9F09A00066FD9 /* Products */;
			projectDirPath = "";
			projectRoot = "";
			targets = (
				54646E6F1CC9F09A00066FD9 /* GradientCircelView */,
				54646E881CC9F09A00066FD9 /* GradientCircelViewTests */,
				54646E931CC9F09A00066FD9 /* GradientCircelViewUITests */,
			);
		};
/* End PBXProject section */

/* Begin PBXResourcesBuildPhase section */
		54646E6E1CC9F09A00066FD9 /* Resources */ = {
			isa = PBXResourcesBuildPhase;
			buildActionMask = 2147483647;
			files = (
				54646E831CC9F09A00066FD9 /* LaunchScreen.storyboard in Resources */,
				54646E801CC9F09A00066FD9 /* Assets.xcassets in Resources */,
				54646E7E1CC9F09A00066FD9 /* Main.storyboard in Resources */,
			);
			runOnlyForDeploymentPostprocessing = 0;
		};
		54646E871CC9F09A00066FD9 /* Resources */ = {
			isa = PBXResourcesBuildPhase;
			buildActionMask = 2147483647;
			files = (
			);
			runOnlyForDeploymentPostprocessing = 0;
		};
		54646E921CC9F09A00066FD9 /* Resources */ = {
			isa = PBXResourcesBuildPhase;
			buildActionMask = 2147483647;
			files = (
			);
			runOnlyForDeploymentPostprocessing = 0;
		};
/* End PBXResourcesBuildPhase section */

/* Begin PBXSourcesBuildPhase section */
		54646E6C1CC9F09A00066FD9 /* Sources */ = {
			isa = PBXSourcesBuildPhase;
			buildActionMask = 2147483647;
			files = (
				54646E7B1CC9F09A00066FD9 /* ViewController.m in Sources */,
				54646E781CC9F09A00066FD9 /* AppDelegate.m in Sources */,
				54646E751CC9F09A00066FD9 /* main.m in Sources */,
			);
			runOnlyForDeploymentPostprocessing = 0;
		};
		54646E851CC9F09A00066FD9 /* Sources */ = {
			isa = PBXSourcesBuildPhase;
			buildActionMask = 2147483647;
			files = (
				54646E8E1CC9F09A00066FD9 /* GradientCircelViewTests.m in Sources */,
			);
			runOnlyForDeploymentPostprocessing = 0;
		};
		54646E901CC9F09A00066FD9 /* Sources */ = {
			isa = PBXSourcesBuildPhase;
			buildActionMask = 2147483647;
			files = (
				54646E991CC9F09A00066FD9 /* GradientCircelViewUITests.m in Sources */,
			);
			runOnlyForDeploymentPostprocessing = 0;
		};
/* End PBXSourcesBuildPhase section */

/* Begin PBXTargetDependency section */
		54646E8B1CC9F09A00066FD9 /* PBXTargetDependency */ = {
			isa = PBXTargetDependency;
			target = 54646E6F1CC9F09A00066FD9 /* GradientCircelView */;
			targetProxy = 54646E8A1CC9F09A00066FD9 /* PBXContainerItemProxy */;
		};
		54646E961CC9F09A00066FD9 /* PBXTargetDependency */ = {
			isa = PBXTargetDependency;
			target = 54646E6F1CC9F09A00066FD9 /* GradientCircelView */;
			targetProxy = 54646E951CC9F09A00066FD9 /* PBXContainerItemProxy */;
		};
/* End PBXTargetDependency section */

/* Begin PBXVariantGroup section */
		54646E7C1CC9F09A00066FD9 /* Main.storyboard */ = {
			isa = PBXVariantGroup;
			children = (
				54646E7D1CC9F09A00066FD9 /* Base */,
			);
			name = Main.storyboard;
			sourceTree = "<group>";
		};
		54646E811CC9F09A00066FD9 /* LaunchScreen.storyboard */ = {
			isa = PBXVariantGroup;
			children = (
				54646E821CC9F09A00066FD9 /* Base */,
			);
			name = LaunchScreen.storyboard;
			sourceTree = "<group>";
		};
/* End PBXVariantGroup section */

/* Begin XCBuildConfiguration section */
		54646E9B1CC9F09A00066FD9 /* Debug */ = {
			isa = XCBuildConfiguration;
			buildSettings = {
				ALWAYS_SEARCH_USER_PATHS = NO;
				CLANG_ANALYZER_NONNULL = YES;
				CLANG_CXX_LANGUAGE_STANDARD = "gnu++0x";
				CLANG_CXX_LIBRARY = "libc++";
				CLANG_ENABLE_MODULES = YES;
				CLANG_ENABLE_OBJC_ARC = YES;
				CLANG_WARN_BOOL_CONVERSION = YES;
				CLANG_WARN_CONSTANT_CONVERSION = YES;
				CLANG_WARN_DIRECT_OBJC_ISA_USAGE = YES_ERROR;
				CLANG_WARN_EMPTY_BODY = YES;
				CLANG_WARN_ENUM_CONVERSION = YES;
				CLANG_WARN_INT_CONVERSION = YES;
				CLANG_WARN_OBJC_ROOT_CLASS = YES_ERROR;
				CLANG_WARN_UNREACHABLE_CODE = YES;
				CLANG_WARN__DUPLICATE_METHOD_MATCH = YES;
				"CODE_SIGN_IDENTITY[sdk=iphoneos*]" = "iPhone Developer";
				COPY_PHASE_STRIP = NO;
				DEBUG_INFORMATION_FORMAT = dwarf;
				ENABLE_STRICT_OBJC_MSGSEND = YES;
				ENABLE_TESTABILITY = YES;
				GCC_C_LANGUAGE_STANDARD = gnu99;
				GCC_DYNAMIC_NO_PIC = NO;
				GCC_NO_COMMON_BLOCKS = YES;
				GCC_OPTIMIZATION_LEVEL = 0;
				GCC_PREPROCESSOR_DEFINITIONS = (
					"DEBUG=1",
					"$(inherited)",
				);
				GCC_WARN_64_TO_32_BIT_CONVERSION = YES;
				GCC_WARN_ABOUT_RETURN_TYPE = YES_ERROR;
				GCC_WARN_UNDECLARED_SELECTOR = YES;
				GCC_WARN_UNINITIALIZED_AUTOS = YES_AGGRESSIVE;
				GCC_WARN_UNUSED_FUNCTION = YES;
				GCC_WARN_UNUSED_VARIABLE = YES;
				IPHONEOS_DEPLOYMENT_TARGET = 9.3;
				MTL_ENABLE_DEBUG_INFO = YES;
				ONLY_ACTIVE_ARCH = YES;
				SDKROOT = iphoneos;
				TARGETED_DEVICE_FAMILY = "1,2";
			};
			name = Debug;
		};
		54646E9C1CC9F09A00066FD9 /* Release */ = {
			isa = XCBuildConfiguration;
			buildSettings = {
				ALWAYS_SEARCH_USER_PATHS = NO;
				CLANG_ANALYZER_NONNULL = YES;
				CLANG_CXX_LANGUAGE_STANDARD = "gnu++0x";
				CLANG_CXX_LIBRARY = "libc++";
				CLANG_ENABLE_MODULES = YES;
				CLANG_ENABLE_OBJC_ARC = YES;
				CLANG_WARN_BOOL_CONVERSION = YES;
				CLANG_WARN_CONSTANT_CONVERSION = YES;
				CLANG_WARN_DIRECT_OBJC_ISA_USAGE = YES_ERROR;
				CLANG_WARN_EMPTY_BODY = YES;
				CLANG_WARN_ENUM_CONVERSION = YES;
				CLANG_WARN_INT_CONVERSION = YES;
				CLANG_WARN_OBJC_ROOT_CLASS = YES_ERROR;
				CLANG_WARN_UNREACHABLE_CODE = YES;
				CLANG_WARN__DUPLICATE_METHOD_MATCH = YES;
				"CODE_SIGN_IDENTITY[sdk=iphoneos*]" = "iPhone Developer";
				COPY_PHASE_STRIP = NO;
				DEBUG_INFORMATION_FORMAT = "dwarf-with-dsym";
				ENABLE_NS_ASSERTIONS = NO;
				ENABLE_STRICT_OBJC_MSGSEND = YES;
				GCC_C_LANGUAGE_STANDARD = gnu99;
				GCC_NO_COMMON_BLOCKS = YES;
				GCC_WARN_64_TO_32_BIT_CONVERSION = YES;
				GCC_WARN_ABOUT_RETURN_TYPE = YES_ERROR;
				GCC_WARN_UNDECLARED_SELECTOR = YES;
				GCC_WARN_UNINITIALIZED_AUTOS = YES_AGGRESSIVE;
				GCC_WARN_UNUSED_FUNCTION = YES;
				GCC_WARN_UNUSED_VARIABLE = YES;
				IPHONEOS_DEPLOYMENT_TARGET = 9.3;
				MTL_ENABLE_DEBUG_INFO = NO;
				SDKROOT = iphoneos;
				TARGETED_DEVICE_FAMILY = "1,2";
				VALIDATE_PRODUCT = YES;
			};
			name = Release;
		};
		54646E9E1CC9F09A00066FD9 /* Debug */ = {
			isa = XCBuildConfiguration;
			buildSettings = {
				ASSETCATALOG_COMPILER_APPICON_NAME = AppIcon;
				INFOPLIST_FILE = GradientCircelView/Info.plist;
				LD_RUNPATH_SEARCH_PATHS = "$(inherited) @executable_path/Frameworks";
				PRODUCT_BUNDLE_IDENTIFIER = long.GradientCircelView;
				PRODUCT_NAME = "$(TARGET_NAME)";
			};
			name = Debug;
		};
		54646E9F1CC9F09A00066FD9 /* Release */ = {
			isa = XCBuildConfiguration;
			buildSettings = {
				ASSETCATALOG_COMPILER_APPICON_NAME = AppIcon;
				INFOPLIST_FILE = GradientCircelView/Info.plist;
				LD_RUNPATH_SEARCH_PATHS = "$(inherited) @executable_path/Frameworks";
				PRODUCT_BUNDLE_IDENTIFIER = long.GradientCircelView;
				PRODUCT_NAME = "$(TARGET_NAME)";
			};
			name = Release;
		};
		54646EA11CC9F09A00066FD9 /* Debug */ = {
			isa = XCBuildConfiguration;
			buildSettings = {
				BUNDLE_LOADER = "$(TEST_HOST)";
				INFOPLIST_FILE = GradientCircelViewTests/Info.plist;
				LD_RUNPATH_SEARCH_PATHS = "$(inherited) @executable_path/Frameworks @loader_path/Frameworks";
				PRODUCT_BUNDLE_IDENTIFIER = long.GradientCircelViewTests;
				PRODUCT_NAME = "$(TARGET_NAME)";
				TEST_HOST = "$(BUILT_PRODUCTS_DIR)/GradientCircelView.app/GradientCircelView";
			};
			name = Debug;
		};
		54646EA21CC9F09A00066FD9 /* Release */ = {
			isa = XCBuildConfiguration;
			buildSettings = {
				BUNDLE_LOADER = "$(TEST_HOST)";
				INFOPLIST_FILE = GradientCircelViewTests/Info.plist;
				LD_RUNPATH_SEARCH_PATHS = "$(inherited) @executable_path/Frameworks @loader_path/Frameworks";
				PRODUCT_BUNDLE_IDENTIFIER = long.GradientCircelViewTests;
				PRODUCT_NAME = "$(TARGET_NAME)";
				TEST_HOST = "$(BUILT_PRODUCTS_DIR)/GradientCircelView.app/GradientCircelView";
			};
			name = Release;
		};
		54646EA41CC9F09A00066FD9 /* Debug */ = {
			isa = XCBuildConfiguration;
			buildSettings = {
				INFOPLIST_FILE = GradientCircelViewUITests/Info.plist;
				LD_RUNPATH_SEARCH_PATHS = "$(inherited) @executable_path/Frameworks @loader_path/Frameworks";
				PRODUCT_BUNDLE_IDENTIFIER = long.GradientCircelViewUITests;
				PRODUCT_NAME = "$(TARGET_NAME)";
				TEST_TARGET_NAME = GradientCircelView;
			};
			name = Debug;
		};
		54646EA51CC9F09A00066FD9 /* Release */ = {
			isa = XCBuildConfiguration;
			buildSettings = {
				INFOPLIST_FILE = GradientCircelViewUITests/Info.plist;
				LD_RUNPATH_SEARCH_PATHS = "$(inherited) @executable_path/Frameworks @loader_path/Frameworks";
				PRODUCT_BUNDLE_IDENTIFIER = long.GradientCircelViewUITests;
				PRODUCT_NAME = "$(TARGET_NAME)";
				TEST_TARGET_NAME = GradientCircelView;
			};
			name = Release;
		};
/* End XCBuildConfiguration section */

/* Begin XCConfigurationList section */
		54646E6B1CC9F09A00066FD9 /* Build configuration list for PBXProject "GradientCircelView" */ = {
			isa = XCConfigurationList;
			buildConfigurations = (
				54646E9B1CC9F09A00066FD9 /* Debug */,
				54646E9C1CC9F09A00066FD9 /* Release */,
			);
			defaultConfigurationIsVisible = 0;
			defaultConfigurationName = Release;
		};
		54646E9D1CC9F09A00066FD9 /* Build configuration list for PBXNativeTarget "GradientCircelView" */ = {
			isa = XCConfigurationList;
			buildConfigurations = (
				54646E9E1CC9F09A00066FD9 /* Debug */,
				54646E9F1CC9F09A00066FD9 /* Release */,
			);
			defaultConfigurationIsVisible = 0;
		};
		54646EA01CC9F09A00066FD9 /* Build configuration list for PBXNativeTarget "GradientCircelViewTests" */ = {
			isa = XCConfigurationList;
			buildConfigurations = (
				54646EA11CC9F09A00066FD9 /* Debug */,
				54646EA21CC9F09A00066FD9 /* Release */,
			);
			defaultConfigurationIsVisible = 0;
		};
		54646EA31CC9F09A00066FD9 /* Build configuration list for PBXNativeTarget "GradientCircelViewUITests" */ = {
			isa = XCConfigurationList;
			buildConfigurations = (
				54646EA41CC9F09A00066FD9 /* Debug */,
				54646EA51CC9F09A00066FD9 /* Release */,
			);
			defaultConfigurationIsVisible = 0;
		};
/* End XCConfigurationList section */
	};
	rootObject = 54646E681CC9F09A00066FD9 /* Project object */;
}
